
Microsoft Visual Studio Solution File, Format Version 12.00
# Visual Studio 15
VisualStudioVersion = 15.0.26730.15
MinimumVisualStudioVersion = 10.0.40219.1
Project("{FAE04EC0-301F-11D3-BF4B-00C04F79EFBC}") = "URISOrderMicroService", "URISOrderMicroService\URISOrderMicroService.csproj", "{94CCD2F8-900C-437E-9A80-3B21C01DDFE4}"
EndProject
Project("{FAE04EC0-301F-11D3-BF4B-00C04F79EFBC}") = "URISOrderMicroService.Tests", "URISOrderMicroService.Tests\URISOrderMicroService.Tests.csproj", "{7C279A6F-B951-4A35-859F-4AAF04580F23}"
EndProject
Global
	GlobalSection(SolutionConfigurationPlatforms) = preSolution
		Debug|Any CPU = Debug|Any CPU
		Release|Any CPU = Release|Any CPU
	EndGlobalSection
	GlobalSection(ProjectConfigurationPlatforms) = postSolution
		{94CCD2F8-900C-437E-9A80-3B21C01DDFE4}.Debug|Any CPU.ActiveCfg = Debug|Any CPU
		{94CCD2F8-900C-437E-9A80-3B21C01DDFE4}.Debug|Any CPU.Build.0 = Debug|Any CPU
		{94CCD2F8-900C-437E-9A80-3B21C01DDFE4}.Release|Any CPU.ActiveCfg = Release|Any CPU
		{94CCD2F8-900C-437E-9A80-3B21C01DDFE4}.Release|Any CPU.Build.0 = Release|Any CPU
		{7C279A6F-B951-4A35-859F-4AAF04580F23}.Debug|Any CPU.ActiveCfg = Debug|Any CPU
		{7C279A6F-B951-4A35-859F-4AAF04580F23}.Debug|Any CPU.Build.0 = Debug|Any CPU
		{7C279A6F-B951-4A35-859F-4AAF04580F23}.Release|Any CPU.ActiveCfg = Release|Any CPU
		{7C279A6F-B951-4A35-859F-4AAF04580F23}.Release|Any CPU.Build.0 = Release|Any CPU
	EndGlobalSection
	GlobalSection(SolutionProperties) = preSolution
		HideSolutionNode = FALSE
	EndGlobalSection
	GlobalSection(ExtensibilityGlobals) = postSolution
		SolutionGuid = {5991002B-1621-4C70-B772-D98F8A1391B0}
	EndGlobalSection
EndGlobal
